<?xml version="1.0" encoding="utf-8"?>
<Project ToolsVersion="4.0" xmlns="http://schemas.microsoft.com/developer/msbuild/2003">
  <ItemGroup>
    <Filter Include="Source Files">
      <UniqueIdentifier>{4FC737F1-C7A5-4376-A066-2A32D752A2FF}</UniqueIdentifier>
      <Extensions>cpp;c;cc;cxx;def;odl;idl;hpj;bat;asm;asmx</Extensions>
    </Filter>
    <Filter Include="Header Files">
      <UniqueIdentifier>{93995380-89BD-4b04-88EB-625FBE52EBFB}</UniqueIdentifier>
      <Extensions>h;hh;hpp;hxx;hm;inl;inc;xsd</Extensions>
    </Filter>
    <Filter Include="Resource Files">
      <UniqueIdentifier>{67DA6AB6-F800-4c08-8B7A-83BB121AAD01}</UniqueIdentifier>
      <Extensions>rc;ico;cur;bmp;dlg;rc2;rct;bin;rgs;gif;jpg;jpeg;jpe;resx;tiff;tif;png;wav;mfcribbon-ms</Extensions>
    </Filter>
    <Filter Include="Header Files\Public">
      <UniqueIdentifier>{c3d39be7-057f-49ab-8c82-b30ed61c872e}</UniqueIdentifier>
    </Filter>
    <Filter Include="Header Files\Private">
      <UniqueIdentifier>{cb5b0806-f3c7-470c-b127-e3eb50a10333}</UniqueIdentifier>
    </Filter>
    <Filter Include="Source Files\Private">
      <UniqueIdentifier>{0d1a6d87-e763-4e05-b861-88c6368a262d}</UniqueIdentifier>
    </Filter>
    <Filter Include="Documentation">
      <UniqueIdentifier>{35c35551-9905-467b-a4a0-1c16f0ebffd6}</UniqueIdentifier>
    </Filter>
  </ItemGroup>
  <ItemGroup>
    <ClInclude Include="NetTest.h">
      <Filter>Header Files\Public</Filter>
    </ClInclude>
    <ClInclude Include="NetRequest.h">
      <Filter>Header Files\Private</Filter>
    </ClInclude>
    <ClInclude Include="URLVerifier.h">
      <Filter>Header Files\Private</Filter>
    </ClInclude>
  </ItemGroup>
  <ItemGroup>
    <ClCompile Include="NetRequest.cpp">
      <Filter>Source Files\Private</Filter>
    </ClCompile>
    <ClCompile Include="URLVerifier.cpp">
      <Filter>Source Files\Private</Filter>
    </ClCompile>
  </ItemGroup>
  <ItemGroup>
    <Text Include="Networking API description.txt">
      <Filter>Documentation</Filter>
    </Text>
    <Text Include="url-spec.txt">
      <Filter>Documentation</Filter>
    </Text>
  </ItemGroup>
</Project>